Microsoft Visual Studio Solution File, Format Version 11.00
# Visual Studio 2013
Project("{31799EDC-E8CD-9177-7466-A958FCFBA7D7}") = "High Pass Filter", "High Pass Filter.vcxproj", "{8228BCAF-862F-5C58-B738-E7BA3C46C19A}"
EndProject
Global
	GlobalSection(SolutionConfigurationPlatforms) = preSolution
		Debug|Win32 = Debug|Win32
		Release|Win32 = Release|Win32
	EndGlobalSection
	GlobalSection(ProjectConfigurationPlatforms) = postSolution
		{8228BCAF-862F-5C58-B738-E7BA3C46C19A}.Debug|Win32.ActiveCfg = Debug|Win32
		{8228BCAF-862F-5C58-B738-E7BA3C46C19A}.Debug|Win32.Build.0 = Debug|Win32
		{8228BCAF-862F-5C58-B738-E7BA3C46C19A}.Release|Win32.ActiveCfg = Release|Win32
		{8228BCAF-862F-5C58-B738-E7BA3C46C19A}.Release|Win32.Build.0 = Release|Win32
	EndGlobalSection
	GlobalSection(SolutionProperties) = preSolution
		HideSolutionNode = FALSE
	EndGlobalSection
EndGlobal
